// !$*UTF8*$!
{
	archiveVersion = 1;
	classes = {
	};
	objectVersion = 46;
	objects = {

/* Begin PBXBuildFile section */
		0A4C0FBAC2F9F7C11BE3733D /* Pods_Indianapolis_Coffee_GuideUITests.framework in Frameworks */ = {isa = PBXBuildFile; fileRef = C7C103978D2C05F24919FE3C /* Pods_Indianapolis_Coffee_GuideUITests.framework */; };
		153EAE1EADA5394A0D31DF04 /* Pods_Indianapolis_Coffee_Guide.framework in Frameworks */ = {isa = PBXBuildFile; fileRef = 362E0310DCB6354060DE1265 /* Pods_Indianapolis_Coffee_Guide.framework */; };
		AB07EE2B1E6BA9E0009A9948 /* AppDelegate.swift in Sources */ = {isa = PBXBuildFile; fileRef = AB07EE2A1E6BA9E0009A9948 /* AppDelegate.swift */; };
		AB07EE2D1E6BA9E0009A9948 /* ViewController.swift in Sources */ = {isa = PBXBuildFile; fileRef = AB07EE2C1E6BA9E0009A9948 /* ViewController.swift */; };
		AB07EE301E6BA9E0009A9948 /* Main.storyboard in Resources */ = {isa = PBXBuildFile; fileRef = AB07EE2E1E6BA9E0009A9948 /* Main.storyboard */; };
		AB07EE321E6BA9E0009A9948 /* Assets.xcassets in Resources */ = {isa = PBXBuildFile; fileRef = AB07EE311E6BA9E0009A9948 /* Assets.xcassets */; };
		AB07EE351E6BA9E0009A9948 /* LaunchScreen.storyboard in Resources */ = {isa = PBXBuildFile; fileRef = AB07EE331E6BA9E0009A9948 /* LaunchScreen.storyboard */; };
		AB07EE401E6BA9E0009A9948 /* Indianapolis_Coffee_GuideTests.swift in Sources */ = {isa = PBXBuildFile; fileRef = AB07EE3F1E6BA9E0009A9948 /* Indianapolis_Coffee_GuideTests.swift */; };
		AB07EE4B1E6BA9E0009A9948 /* Indianapolis_Coffee_GuideUITests.swift in Sources */ = {isa = PBXBuildFile; fileRef = AB07EE4A1E6BA9E0009A9948 /* Indianapolis_Coffee_GuideUITests.swift */; };
		AB07EE5B1E6BAA09009A9948 /* MapKit.framework in Frameworks */ = {isa = PBXBuildFile; fileRef = AB07EE5A1E6BAA09009A9948 /* MapKit.framework */; };
		AB07EE5D1E6BABC6009A9948 /* CoffeeShopTableViewCell.swift in Sources */ = {isa = PBXBuildFile; fileRef = AB07EE5C1E6BABC6009A9948 /* CoffeeShopTableViewCell.swift */; };
		AB07EE611E6BBB80009A9948 /* CoffeeShop.swift in Sources */ = {isa = PBXBuildFile; fileRef = AB07EE601E6BBB80009A9948 /* CoffeeShop.swift */; };
		AB07EE631E6BBE54009A9948 /* ShopTableViewController.swift in Sources */ = {isa = PBXBuildFile; fileRef = AB07EE621E6BBE54009A9948 /* ShopTableViewController.swift */; };
		AB07EE651E6BCB47009A9948 /* ShopDetail.swift in Sources */ = {isa = PBXBuildFile; fileRef = AB07EE641E6BCB47009A9948 /* ShopDetail.swift */; };
		ABCA8C3E1E70AAEE0058EB21 /* MapViewController.swift in Sources */ = {isa = PBXBuildFile; fileRef = ABCA8C3C1E70AAEE0058EB21 /* MapViewController.swift */; };
		ABCA8C3F1E70AAEE0058EB21 /* MapViewController.xib in Resources */ = {isa = PBXBuildFile; fileRef = ABCA8C3D1E70AAEE0058EB21 /* MapViewController.xib */; };
		D1609B0C95CA9F281F30D07B /* Pods_Indianapolis_Coffee_GuideTests.framework in Frameworks */ = {isa = PBXBuildFile; fileRef = 2E524B72FD296E7254263B80 /* Pods_Indianapolis_Coffee_GuideTests.framework */; };
/* End PBXBuildFile section */

/* Begin PBXContainerItemProxy section */
		AB07EE3C1E6BA9E0009A9948 /* PBXContainerItemProxy */ = {
			isa = PBXContainerItemProxy;
			containerPortal = AB07EE1F1E6BA9DF009A9948 /* Project object */;
			proxyType = 1;
			remoteGlobalIDString = AB07EE261E6BA9E0009A9948;
			remoteInfo = "Indianapolis Coffee Guide";
		};
		AB07EE471E6BA9E0009A9948 /* PBXContainerItemProxy */ = {
			isa = PBXContainerItemProxy;
			containerPortal = AB07EE1F1E6BA9DF009A9948 /* Project object */;
			proxyType = 1;
			remoteGlobalIDString = AB07EE261E6BA9E0009A9948;
			remoteInfo = "Indianapolis Coffee Guide";
		};
/* End PBXContainerItemProxy section */

/* Begin PBXFileReference section */
		0298696343EBA243D59D7C2F /* Pods-Indianapolis Coffee GuideTests.release.xcconfig */ = {isa = PBXFileReference; includeInIndex = 1; lastKnownFileType = text.xcconfig; name = "Pods-Indianapolis Coffee GuideTests.release.xcconfig"; path = "Pods/Target Support Files/Pods-Indianapolis Coffee GuideTests/Pods-Indianapolis Coffee GuideTests.release.xcconfig"; sourceTree = "<group>"; };
		2E524B72FD296E7254263B80 /* Pods_Indianapolis_Coffee_GuideTests.framework */ = {isa = PBXFileReference; explicitFileType = wrapper.framework; includeInIndex = 0; path = Pods_Indianapolis_Coffee_GuideTests.framework; sourceTree = BUILT_PRODUCTS_DIR; };
		362E0310DCB6354060DE1265 /* Pods_Indianapolis_Coffee_Guide.framework */ = {isa = PBXFileReference; explicitFileType = wrapper.framework; includeInIndex = 0; path = Pods_Indianapolis_Coffee_Guide.framework; sourceTree = BUILT_PRODUCTS_DIR; };
		42A6BD49E060A8AC361B30E9 /* Pods-Indianapolis Coffee Guide.release.xcconfig */ = {isa = PBXFileReference; includeInIndex = 1; lastKnownFileType = text.xcconfig; name = "Pods-Indianapolis Coffee Guide.release.xcconfig"; path = "Pods/Target Support Files/Pods-Indianapolis Coffee Guide/Pods-Indianapolis Coffee Guide.release.xcconfig"; sourceTree = "<group>"; };
		6273286AFCFD3291A1A0BEC7 /* Pods-Indianapolis Coffee GuideTests.debug.xcconfig */ = {isa = PBXFileReference; includeInIndex = 1; lastKnownFileType = text.xcconfig; name = "Pods-Indianapolis Coffee GuideTests.debug.xcconfig"; path = "Pods/Target Support Files/Pods-Indianapolis Coffee GuideTests/Pods-Indianapolis Coffee GuideTests.debug.xcconfig"; sourceTree = "<group>"; };
		68068F581AD65DA8F0ED7D53 /* Pods-Indianapolis Coffee GuideUITests.debug.xcconfig */ = {isa = PBXFileReference; includeInIndex = 1; lastKnownFileType = text.xcconfig; name = "Pods-Indianapolis Coffee GuideUITests.debug.xcconfig"; path = "Pods/Target Support Files/Pods-Indianapolis Coffee GuideUITests/Pods-Indianapolis Coffee GuideUITests.debug.xcconfig"; sourceTree = "<group>"; };
		AB07EE271E6BA9E0009A9948 /* Indianapolis Coffee Guide.app */ = {isa = PBXFileReference; explicitFileType = wrapper.application; includeInIndex = 0; path = "Indianapolis Coffee Guide.app"; sourceTree = BUILT_PRODUCTS_DIR; };
		AB07EE2A1E6BA9E0009A9948 /* AppDelegate.swift */ = {isa = PBXFileReference; lastKnownFileType = sourcecode.swift; path = AppDelegate.swift; sourceTree = "<group>"; };
		AB07EE2C1E6BA9E0009A9948 /* ViewController.swift */ = {isa = PBXFileReference; lastKnownFileType = sourcecode.swift; path = ViewController.swift; sourceTree = "<group>"; };
		AB07EE2F1E6BA9E0009A9948 /* Base */ = {isa = PBXFileReference; lastKnownFileType = file.storyboard; name = Base; path = Base.lproj/Main.storyboard; sourceTree = "<group>"; };
		AB07EE311E6BA9E0009A9948 /* Assets.xcassets */ = {isa = PBXFileReference; lastKnownFileType = folder.assetcatalog; name = Assets.xcassets; path = "Indianapolis Coffee Guide/Assets.xcassets"; sourceTree = SOURCE_ROOT; };
		AB07EE341E6BA9E0009A9948 /* Base */ = {isa = PBXFileReference; lastKnownFileType = file.storyboard; name = Base; path = Base.lproj/LaunchScreen.storyboard; sourceTree = "<group>"; };
		AB07EE361E6BA9E0009A9948 /* Info.plist */ = {isa = PBXFileReference; lastKnownFileType = text.plist.xml; path = Info.plist; sourceTree = "<group>"; };
		AB07EE3B1E6BA9E0009A9948 /* Indianapolis Coffee GuideTests.xctest */ = {isa = PBXFileReference; explicitFileType = wrapper.cfbundle; includeInIndex = 0; path = "Indianapolis Coffee GuideTests.xctest"; sourceTree = BUILT_PRODUCTS_DIR; };
		AB07EE3F1E6BA9E0009A9948 /* Indianapolis_Coffee_GuideTests.swift */ = {isa = PBXFileReference; lastKnownFileType = sourcecode.swift; path = Indianapolis_Coffee_GuideTests.swift; sourceTree = "<group>"; };
		AB07EE411E6BA9E0009A9948 /* Info.plist */ = {isa = PBXFileReference; lastKnownFileType = text.plist.xml; path = Info.plist; sourceTree = "<group>"; };
		AB07EE461E6BA9E0009A9948 /* Indianapolis Coffee GuideUITests.xctest */ = {isa = PBXFileReference; explicitFileType = wrapper.cfbundle; includeInIndex = 0; path = "Indianapolis Coffee GuideUITests.xctest"; sourceTree = BUILT_PRODUCTS_DIR; };
		AB07EE4A1E6BA9E0009A9948 /* Indianapolis_Coffee_GuideUITests.swift */ = {isa = PBXFileReference; lastKnownFileType = sourcecode.swift; path = Indianapolis_Coffee_GuideUITests.swift; sourceTree = "<group>"; };
		AB07EE4C1E6BA9E0009A9948 /* Info.plist */ = {isa = PBXFileReference; lastKnownFileType = text.plist.xml; path = Info.plist; sourceTree = "<group>"; };
		AB07EE581E6BA9FD009A9948 /* Indianapolis Coffee Guide.entitlements */ = {isa = PBXFileReference; lastKnownFileType = text.plist.entitlements; path = "Indianapolis Coffee Guide.entitlements"; sourceTree = "<group>"; };
		AB07EE5A1E6BAA09009A9948 /* MapKit.framework */ = {isa = PBXFileReference; lastKnownFileType = wrapper.framework; name = MapKit.framework; path = System/Library/Frameworks/MapKit.framework; sourceTree = SDKROOT; };
		AB07EE5C1E6BABC6009A9948 /* CoffeeShopTableViewCell.swift */ = {isa = PBXFileReference; fileEncoding = 4; lastKnownFileType = sourcecode.swift; path = CoffeeShopTableViewCell.swift; sourceTree = "<group>"; };
		AB07EE601E6BBB80009A9948 /* CoffeeShop.swift */ = {isa = PBXFileReference; fileEncoding = 4; lastKnownFileType = sourcecode.swift; path = CoffeeShop.swift; sourceTree = "<group>"; };
		AB07EE621E6BBE54009A9948 /* ShopTableViewController.swift */ = {isa = PBXFileReference; fileEncoding = 4; lastKnownFileType = sourcecode.swift; path = ShopTableViewController.swift; sourceTree = "<group>"; };
		AB07EE641E6BCB47009A9948 /* ShopDetail.swift */ = {isa = PBXFileReference; fileEncoding = 4; lastKnownFileType = sourcecode.swift; path = ShopDetail.swift; sourceTree = "<group>"; };
		ABCA8C3C1E70AAEE0058EB21 /* MapViewController.swift */ = {isa = PBXFileReference; fileEncoding = 4; lastKnownFileType = sourcecode.swift; path = MapViewController.swift; sourceTree = "<group>"; };
		ABCA8C3D1E70AAEE0058EB21 /* MapViewController.xib */ = {isa = PBXFileReference; fileEncoding = 4; lastKnownFileType = file.xib; path = MapViewController.xib; sourceTree = "<group>"; };
		C7C103978D2C05F24919FE3C /* Pods_Indianapolis_Coffee_GuideUITests.framework */ = {isa = PBXFileReference; explicitFileType = wrapper.framework; includeInIndex = 0; path = Pods_Indianapolis_Coffee_GuideUITests.framework; sourceTree = BUILT_PRODUCTS_DIR; };
		ED884433DEC1E37C7E1ABC02 /* Pods-Indianapolis Coffee GuideUITests.release.xcconfig */ = {isa = PBXFileReference; includeInIndex = 1; lastKnownFileType = text.xcconfig; name = "Pods-Indianapolis Coffee GuideUITests.release.xcconfig"; path = "Pods/Target Support Files/Pods-Indianapolis Coffee GuideUITests/Pods-Indianapolis Coffee GuideUITests.release.xcconfig"; sourceTree = "<group>"; };
		FBC7D6B1C225328FAA7977AD /* Pods-Indianapolis Coffee Guide.debug.xcconfig */ = {isa = PBXFileReference; includeInIndex = 1; lastKnownFileType = text.xcconfig; name = "Pods-Indianapolis Coffee Guide.debug.xcconfig"; path = "Pods/Target Support Files/Pods-Indianapolis Coffee Guide/Pods-Indianapolis Coffee Guide.debug.xcconfig"; sourceTree = "<group>"; };
/* End PBXFileReference section */

/* Begin PBXFrameworksBuildPhase section */
		AB07EE241E6BA9E0009A9948 /* Frameworks */ = {
			isa = PBXFrameworksBuildPhase;
			buildActionMask = 2147483647;
			files = (
				AB07EE5B1E6BAA09009A9948 /* MapKit.framework in Frameworks */,
				153EAE1EADA5394A0D31DF04 /* Pods_Indianapolis_Coffee_Guide.framework in Frameworks */,
			);
			runOnlyForDeploymentPostprocessing = 0;
		};
		AB07EE381E6BA9E0009A9948 /* Frameworks */ = {
			isa = PBXFrameworksBuildPhase;
			buildActionMask = 2147483647;
			files = (
				D1609B0C95CA9F281F30D07B /* Pods_Indianapolis_Coffee_GuideTests.framework in Frameworks */,
			);
			runOnlyForDeploymentPostprocessing = 0;
		};
		AB07EE431E6BA9E0009A9948 /* Frameworks */ = {
			isa = PBXFrameworksBuildPhase;
			buildActionMask = 2147483647;
			files = (
				0A4C0FBAC2F9F7C11BE3733D /* Pods_Indianapolis_Coffee_GuideUITests.framework in Frameworks */,
			);
			runOnlyForDeploymentPostprocessing = 0;
		};
/* End PBXFrameworksBuildPhase section */

/* Begin PBXGroup section */
		449FFA9BCA1AB59C28CEF707 /* Pods */ = {
			isa = PBXGroup;
			children = (
				FBC7D6B1C225328FAA7977AD /* Pods-Indianapolis Coffee Guide.debug.xcconfig */,
				42A6BD49E060A8AC361B30E9 /* Pods-Indianapolis Coffee Guide.release.xcconfig */,
				6273286AFCFD3291A1A0BEC7 /* Pods-Indianapolis Coffee GuideTests.debug.xcconfig */,
				0298696343EBA243D59D7C2F /* Pods-Indianapolis Coffee GuideTests.release.xcconfig */,
				68068F581AD65DA8F0ED7D53 /* Pods-Indianapolis Coffee GuideUITests.debug.xcconfig */,
				ED884433DEC1E37C7E1ABC02 /* Pods-Indianapolis Coffee GuideUITests.release.xcconfig */,
			);
			name = Pods;
			sourceTree = "<group>";
		};
		AB07EE1E1E6BA9DF009A9948 = {
			isa = PBXGroup;
			children = (
				AB07EE291E6BA9E0009A9948 /* Indianapolis Coffee Guide */,
				AB07EE3E1E6BA9E0009A9948 /* Indianapolis Coffee GuideTests */,
				AB07EE491E6BA9E0009A9948 /* Indianapolis Coffee GuideUITests */,
				AB07EE281E6BA9E0009A9948 /* Products */,
				AB07EE591E6BAA09009A9948 /* Frameworks */,
				449FFA9BCA1AB59C28CEF707 /* Pods */,
			);
			sourceTree = "<group>";
		};
		AB07EE281E6BA9E0009A9948 /* Products */ = {
			isa = PBXGroup;
			children = (
				AB07EE271E6BA9E0009A9948 /* Indianapolis Coffee Guide.app */,
				AB07EE3B1E6BA9E0009A9948 /* Indianapolis Coffee GuideTests.xctest */,
				AB07EE461E6BA9E0009A9948 /* Indianapolis Coffee GuideUITests.xctest */,
			);
			name = Products;
			sourceTree = "<group>";
		};
		AB07EE291E6BA9E0009A9948 /* Indianapolis Coffee Guide */ = {
			isa = PBXGroup;
			children = (
				AB07EE621E6BBE54009A9948 /* ShopTableViewController.swift */,
				AB07EE601E6BBB80009A9948 /* CoffeeShop.swift */,
				AB07EE581E6BA9FD009A9948 /* Indianapolis Coffee Guide.entitlements */,
				AB07EE2A1E6BA9E0009A9948 /* AppDelegate.swift */,
				AB07EE2C1E6BA9E0009A9948 /* ViewController.swift */,
				AB07EE2E1E6BA9E0009A9948 /* Main.storyboard */,
				ABCA8C3C1E70AAEE0058EB21 /* MapViewController.swift */,
				ABCA8C3D1E70AAEE0058EB21 /* MapViewController.xib */,
				AB07EE641E6BCB47009A9948 /* ShopDetail.swift */,
				AB07EE5C1E6BABC6009A9948 /* CoffeeShopTableViewCell.swift */,
				AB07EE311E6BA9E0009A9948 /* Assets.xcassets */,
				AB07EE331E6BA9E0009A9948 /* LaunchScreen.storyboard */,
				AB07EE361E6BA9E0009A9948 /* Info.plist */,
			);
			path = "Indianapolis Coffee Guide";
			sourceTree = "<group>";
		};
		AB07EE3E1E6BA9E0009A9948 /* Indianapolis Coffee GuideTests */ = {
			isa = PBXGroup;
			children = (
				AB07EE3F1E6BA9E0009A9948 /* Indianapolis_Coffee_GuideTests.swift */,
				AB07EE411E6BA9E0009A9948 /* Info.plist */,
			);
			path = "Indianapolis Coffee GuideTests";
			sourceTree = "<group>";
		};
		AB07EE491E6BA9E0009A9948 /* Indianapolis Coffee GuideUITests */ = {
			isa = PBXGroup;
			children = (
				AB07EE4A1E6BA9E0009A9948 /* Indianapolis_Coffee_GuideUITests.swift */,
				AB07EE4C1E6BA9E0009A9948 /* Info.plist */,
			);
			path = "Indianapolis Coffee GuideUITests";
			sourceTree = "<group>";
		};
		AB07EE591E6BAA09009A9948 /* Frameworks */ = {
			isa = PBXGroup;
			children = (
				AB07EE5A1E6BAA09009A9948 /* MapKit.framework */,
				362E0310DCB6354060DE1265 /* Pods_Indianapolis_Coffee_Guide.framework */,
				2E524B72FD296E7254263B80 /* Pods_Indianapolis_Coffee_GuideTests.framework */,
				C7C103978D2C05F24919FE3C /* Pods_Indianapolis_Coffee_GuideUITests.framework */,
			);
			name = Frameworks;
			sourceTree = "<group>";
		};
/* End PBXGroup section */

/* Begin PBXNativeTarget section */
		AB07EE261E6BA9E0009A9948 /* Indianapolis Coffee Guide */ = {
			isa = PBXNativeTarget;
			buildConfigurationList = AB07EE4F1E6BA9E0009A9948 /* Build configuration list for PBXNativeTarget "Indianapolis Coffee Guide" */;
			buildPhases = (
				57AF9AB0B36A850CD4D50BF9 /* [CP] Check Pods Manifest.lock */,
				AB07EE231E6BA9E0009A9948 /* Sources */,
				AB07EE241E6BA9E0009A9948 /* Frameworks */,
				AB07EE251E6BA9E0009A9948 /* Resources */,
				02E3A84222E6B3931E44FBE3 /* [CP] Embed Pods Frameworks */,
				2CEDA33061C3019EFA580BAD /* [CP] Copy Pods Resources */,
			);
			buildRules = (
			);
			dependencies = (
			);
			name = "Indianapolis Coffee Guide";
			productName = "Indianapolis Coffee Guide";
			productReference = AB07EE271E6BA9E0009A9948 /* Indianapolis Coffee Guide.app */;
			productType = "com.apple.product-type.application";
		};
		AB07EE3A1E6BA9E0009A9948 /* Indianapolis Coffee GuideTests */ = {
			isa = PBXNativeTarget;
			buildConfigurationList = AB07EE521E6BA9E0009A9948 /* Build configuration list for PBXNativeTarget "Indianapolis Coffee GuideTests" */;
			buildPhases = (
				D0A58939481D18F603FC441F /* [CP] Check Pods Manifest.lock */,
				AB07EE371E6BA9E0009A9948 /* Sources */,
				AB07EE381E6BA9E0009A9948 /* Frameworks */,
				AB07EE391E6BA9E0009A9948 /* Resources */,
				8AB9936A5B76A2C6FB16E48E /* [CP] Embed Pods Frameworks */,
				6FF46069F98487289BD80486 /* [CP] Copy Pods Resources */,
			);
			buildRules = (
			);
			dependencies = (
				AB07EE3D1E6BA9E0009A9948 /* PBXTargetDependency */,
			);
			name = "Indianapolis Coffee GuideTests";
			productName = "Indianapolis Coffee GuideTests";
			productReference = AB07EE3B1E6BA9E0009A9948 /* Indianapolis Coffee GuideTests.xctest */;
			productType = "com.apple.product-type.bundle.unit-test";
		};
		AB07EE451E6BA9E0009A9948 /* Indianapolis Coffee GuideUITests */ = {
			isa = PBXNativeTarget;
			buildConfigurationList = AB07EE551E6BA9E0009A9948 /* Build configuration list for PBXNativeTarget "Indianapolis Coffee GuideUITests" */;
			buildPhases = (
				CE11B7808FEFEAA273D4CC81 /* [CP] Check Pods Manifest.lock */,
				AB07EE421E6BA9E0009A9948 /* Sources */,
				AB07EE431E6BA9E0009A9948 /* Frameworks */,
				AB07EE441E6BA9E0009A9948 /* Resources */,
				F09AB2E3A29DD72A20DCCCE6 /* [CP] Embed Pods Frameworks */,
				6DB1609B5579566A40FA100C /* [CP] Copy Pods Resources */,
			);
			buildRules = (
			);
			dependencies = (
				AB07EE481E6BA9E0009A9948 /* PBXTargetDependency */,
			);
			name = "Indianapolis Coffee GuideUITests";
			productName = "Indianapolis Coffee GuideUITests";
			productReference = AB07EE461E6BA9E0009A9948 /* Indianapolis Coffee GuideUITests.xctest */;
			productType = "com.apple.product-type.bundle.ui-testing";
		};
/* End PBXNativeTarget section */

/* Begin PBXProject section */
		AB07EE1F1E6BA9DF009A9948 /* Project object */ = {
			isa = PBXProject;
			attributes = {
				LastSwiftUpdateCheck = 0820;
				LastUpgradeCheck = 0820;
				ORGANIZATIONNAME = "Scott Curry";
				TargetAttributes = {
					AB07EE261E6BA9E0009A9948 = {
						CreatedOnToolsVersion = 8.2.1;
						DevelopmentTeam = 6T3Q5NH7AD;
						ProvisioningStyle = Automatic;
						SystemCapabilities = {
							com.apple.Maps.iOS = {
								enabled = 0;
							};
							com.apple.Push = {
								enabled = 1;
							};
						};
					};
					AB07EE3A1E6BA9E0009A9948 = {
						CreatedOnToolsVersion = 8.2.1;
						DevelopmentTeam = 6T3Q5NH7AD;
						ProvisioningStyle = Automatic;
						TestTargetID = AB07EE261E6BA9E0009A9948;
					};
					AB07EE451E6BA9E0009A9948 = {
						CreatedOnToolsVersion = 8.2.1;
						DevelopmentTeam = 6T3Q5NH7AD;
						ProvisioningStyle = Automatic;
						TestTargetID = AB07EE261E6BA9E0009A9948;
					};
				};
			};
			buildConfigurationList = AB07EE221E6BA9DF009A9948 /* Build configuration list for PBXProject "Indianapolis Coffee Guide" */;
			compatibilityVersion = "Xcode 3.2";
			developmentRegion = English;
			hasScannedForEncodings = 0;
			knownRegions = (
				en,
				Base,
			);
			mainGroup = AB07EE1E1E6BA9DF009A9948;
			productRefGroup = AB07EE281E6BA9E0009A9948 /* Products */;
			projectDirPath = "";
			projectRoot = "";
			targets = (
				AB07EE261E6BA9E0009A9948 /* Indianapolis Coffee Guide */,
				AB07EE3A1E6BA9E0009A9948 /* Indianapolis Coffee GuideTests */,
				AB07EE451E6BA9E0009A9948 /* Indianapolis Coffee GuideUITests */,
			);
		};
/* End PBXProject section */

/* Begin PBXResourcesBuildPhase section */
		AB07EE251E6BA9E0009A9948 /* Resources */ = {
			isa = PBXResourcesBuildPhase;
			buildActionMask = 2147483647;
			files = (
				AB07EE351E6BA9E0009A9948 /* LaunchScreen.storyboard in Resources */,
				AB07EE321E6BA9E0009A9948 /* Assets.xcassets in Resources */,
				AB07EE301E6BA9E0009A9948 /* Main.storyboard in Resources */,
				ABCA8C3F1E70AAEE0058EB21 /* MapViewController.xib in Resources */,
			);
			runOnlyForDeploymentPostprocessing = 0;
		};
		AB07EE391E6BA9E0009A9948 /* Resources */ = {
			isa = PBXResourcesBuildPhase;
			buildActionMask = 2147483647;
			files = (
			);
			runOnlyForDeploymentPostprocessing = 0;
		};
		AB07EE441E6BA9E0009A9948 /* Resources */ = {
			isa = PBXResourcesBuildPhase;
			buildActionMask = 2147483647;
			files = (
			);
			runOnlyForDeploymentPostprocessing = 0;
		};
/* End PBXResourcesBuildPhase section */

/* Begin PBXShellScriptBuildPhase section */
		02E3A84222E6B3931E44FBE3 /* [CP] Embed Pods Frameworks */ = {
			isa = PBXShellScriptBuildPhase;
			buildActionMask = 2147483647;
			files = (
			);
			inputPaths = (
			);
			name = "[CP] Embed Pods Frameworks";
			outputPaths = (
			);
			runOnlyForDeploymentPostprocessing = 0;
			shellPath = /bin/sh;
			shellScript = "\"${SRCROOT}/Pods/Target Support Files/Pods-Indianapolis Coffee Guide/Pods-Indianapolis Coffee Guide-frameworks.sh\"\n";
			showEnvVarsInLog = 0;
		};
		2CEDA33061C3019EFA580BAD /* [CP] Copy Pods Resources */ = {
			isa = PBXShellScriptBuildPhase;
			buildActionMask = 2147483647;
			files = (
			);
			inputPaths = (
			);
			name = "[CP] Copy Pods Resources";
			outputPaths = (
			);
			runOnlyForDeploymentPostprocessing = 0;
			shellPath = /bin/sh;
			shellScript = "\"${SRCROOT}/Pods/Target Support Files/Pods-Indianapolis Coffee Guide/Pods-Indianapolis Coffee Guide-resources.sh\"\n";
			showEnvVarsInLog = 0;
		};
		57AF9AB0B36A850CD4D50BF9 /* [CP] Check Pods Manifest.lock */ = {
			isa = PBXShellScriptBuildPhase;
			buildActionMask = 2147483647;
			files = (
			);
			inputPaths = (
			);
			name = "[CP] Check Pods Manifest.lock";
			outputPaths = (
			);
			runOnlyForDeploymentPostprocessing = 0;
			shellPath = /bin/sh;
			shellScript = "diff \"${PODS_ROOT}/../Podfile.lock\" \"${PODS_ROOT}/Manifest.lock\" > /dev/null\nif [ $? != 0 ] ; then\n    # print error to STDERR\n    echo \"error: The sandbox is not in sync with the Podfile.lock. Run 'pod install' or update your CocoaPods installation.\" >&2\n    exit 1\nfi\n";
			showEnvVarsInLog = 0;
		};
		6DB1609B5579566A40FA100C /* [CP] Copy Pods Resources */ = {
			isa = PBXShellScriptBuildPhase;
			buildActionMask = 2147483647;
			files = (
			);
			inputPaths = (
			);
			name = "[CP] Copy Pods Resources";
			outputPaths = (
			);
			runOnlyForDeploymentPostprocessing = 0;
			shellPath = /bin/sh;
			shellScript = "\"${SRCROOT}/Pods/Target Support Files/Pods-Indianapolis Coffee GuideUITests/Pods-Indianapolis Coffee GuideUITests-resources.sh\"\n";
			showEnvVarsInLog = 0;
		};
		6FF46069F98487289BD80486 /* [CP] Copy Pods Resources */ = {
			isa = PBXShellScriptBuildPhase;
			buildActionMask = 2147483647;
			files = (
			);
			inputPaths = (
			);
			name = "[CP] Copy Pods Resources";
			outputPaths = (
			);
			runOnlyForDeploymentPostprocessing = 0;
			shellPath = /bin/sh;
			shellScript = "\"${SRCROOT}/Pods/Target Support Files/Pods-Indianapolis Coffee GuideTests/Pods-Indianapolis Coffee GuideTests-resources.sh\"\n";
			showEnvVarsInLog = 0;
		};
		8AB9936A5B76A2C6FB16E48E /* [CP] Embed Pods Frameworks */ = {
			isa = PBXShellScriptBuildPhase;
			buildActionMask = 2147483647;
			files = (
			);
			inputPaths = (
			);
			name = "[CP] Embed Pods Frameworks";
			outputPaths = (
			);
			runOnlyForDeploymentPostprocessing = 0;
			shellPath = /bin/sh;
			shellScript = "\"${SRCROOT}/Pods/Target Support Files/Pods-Indianapolis Coffee GuideTests/Pods-Indianapolis Coffee GuideTests-frameworks.sh\"\n";
			showEnvVarsInLog = 0;
		};
		CE11B7808FEFEAA273D4CC81 /* [CP] Check Pods Manifest.lock */ = {
			isa = PBXShellScriptBuildPhase;
			buildActionMask = 2147483647;
			files = (
			);
			inputPaths = (
			);
			name = "[CP] Check Pods Manifest.lock";
			outputPaths = (
			);
			runOnlyForDeploymentPostprocessing = 0;
			shellPath = /bin/sh;
			shellScript = "diff \"${PODS_ROOT}/../Podfile.lock\" \"${PODS_ROOT}/Manifest.lock\" > /dev/null\nif [ $? != 0 ] ; then\n    # print error to STDERR\n    echo \"error: The sandbox is not in sync with the Podfile.lock. Run 'pod install' or update your CocoaPods installation.\" >&2\n    exit 1\nfi\n";
			showEnvVarsInLog = 0;
		};
		D0A58939481D18F603FC441F /* [CP] Check Pods Manifest.lock */ = {
			isa = PBXShellScriptBuildPhase;
			buildActionMask = 2147483647;
			files = (
			);
			inputPaths = (
			);
			name = "[CP] Check Pods Manifest.lock";
			outputPaths = (
			);
			runOnlyForDeploymentPostprocessing = 0;
			shellPath = /bin/sh;
			shellScript = "diff \"${PODS_ROOT}/../Podfile.lock\" \"${PODS_ROOT}/Manifest.lock\" > /dev/null\nif [ $? != 0 ] ; then\n    # print error to STDERR\n    echo \"error: The sandbox is not in sync with the Podfile.lock. Run 'pod install' or update your CocoaPods installation.\" >&2\n    exit 1\nfi\n";
			showEnvVarsInLog = 0;
		};
		F09AB2E3A29DD72A20DCCCE6 /* [CP] Embed Pods Frameworks */ = {
			isa = PBXShellScriptBuildPhase;
			buildActionMask = 2147483647;
			files = (
			);
			inputPaths = (
			);
			name = "[CP] Embed Pods Frameworks";
			outputPaths = (
			);
			runOnlyForDeploymentPostprocessing = 0;
			shellPath = /bin/sh;
			shellScript = "\"${SRCROOT}/Pods/Target Support Files/Pods-Indianapolis Coffee GuideUITests/Pods-Indianapolis Coffee GuideUITests-frameworks.sh\"\n";
			showEnvVarsInLog = 0;
		};
/* End PBXShellScriptBuildPhase section */

/* Begin PBXSourcesBuildPhase section */
		AB07EE231E6BA9E0009A9948 /* Sources */ = {
			isa = PBXSourcesBuildPhase;
			buildActionMask = 2147483647;
			files = (
				AB07EE651E6BCB47009A9948 /* ShopDetail.swift in Sources */,
				AB07EE2D1E6BA9E0009A9948 /* ViewController.swift in Sources */,
				AB07EE611E6BBB80009A9948 /* CoffeeShop.swift in Sources */,
				AB07EE2B1E6BA9E0009A9948 /* AppDelegate.swift in Sources */,
				AB07EE5D1E6BABC6009A9948 /* CoffeeShopTableViewCell.swift in Sources */,
				AB07EE631E6BBE54009A9948 /* ShopTableViewController.swift in Sources */,
				ABCA8C3E1E70AAEE0058EB21 /* MapViewController.swift in Sources */,
			);
			runOnlyForDeploymentPostprocessing = 0;
		};
		AB07EE371E6BA9E0009A9948 /* Sources */ = {
			isa = PBXSourcesBuildPhase;
			buildActionMask = 2147483647;
			files = (
				AB07EE401E6BA9E0009A9948 /* Indianapolis_Coffee_GuideTests.swift in Sources */,
			);
			runOnlyForDeploymentPostprocessing = 0;
		};
		AB07EE421E6BA9E0009A9948 /* Sources */ = {
			isa = PBXSourcesBuildPhase;
			buildActionMask = 2147483647;
			files = (
				AB07EE4B1E6BA9E0009A9948 /* Indianapolis_Coffee_GuideUITests.swift in Sources */,
			);
			runOnlyForDeploymentPostprocessing = 0;
		};
/* End PBXSourcesBuildPhase section */

/* Begin PBXTargetDependency section */
		AB07EE3D1E6BA9E0009A9948 /* PBXTargetDependency */ = {
			isa = PBXTargetDependency;
			target = AB07EE261E6BA9E0009A9948 /* Indianapolis Coffee Guide */;
			targetProxy = AB07EE3C1E6BA9E0009A9948 /* PBXContainerItemProxy */;
		};
		AB07EE481E6BA9E0009A9948 /* PBXTargetDependency */ = {
			isa = PBXTargetDependency;
			target = AB07EE261E6BA9E0009A9948 /* Indianapolis Coffee Guide */;
			targetProxy = AB07EE471E6BA9E0009A9948 /* PBXContainerItemProxy */;
		};
/* End PBXTargetDependency section */

/* Begin PBXVariantGroup section */
		AB07EE2E1E6BA9E0009A9948 /* Main.storyboard */ = {
			isa = PBXVariantGroup;
			children = (
				AB07EE2F1E6BA9E0009A9948 /* Base */,
			);
			name = Main.storyboard;
			sourceTree = "<group>";
		};
		AB07EE331E6BA9E0009A9948 /* LaunchScreen.storyboard */ = {
			isa = PBXVariantGroup;
			children = (
				AB07EE341E6BA9E0009A9948 /* Base */,
			);
			name = LaunchScreen.storyboard;
			sourceTree = "<group>";
		};
/* End PBXVariantGroup section */

/* Begin XCBuildConfiguration section */
		AB07EE4D1E6BA9E0009A9948 /* Debug */ = {
			isa = XCBuildConfiguration;
			buildSettings = {
				ALWAYS_SEARCH_USER_PATHS = NO;
				CLANG_ANALYZER_NONNULL = YES;
				CLANG_CXX_LANGUAGE_STANDARD = "gnu++0x";
				CLANG_CXX_LIBRARY = "libc++";
				CLANG_ENABLE_MODULES = YES;
				CLANG_ENABLE_OBJC_ARC = YES;
				CLANG_WARN_BOOL_CONVERSION = YES;
				CLANG_WARN_CONSTANT_CONVERSION = YES;
				CLANG_WARN_DIRECT_OBJC_ISA_USAGE = YES_ERROR;
				CLANG_WARN_DOCUMENTATION_COMMENTS = YES;
				CLANG_WARN_EMPTY_BODY = YES;
				CLANG_WARN_ENUM_CONVERSION = YES;
				CLANG_WARN_INFINITE_RECURSION = YES;
				CLANG_WARN_INT_CONVERSION = YES;
				CLANG_WARN_OBJC_ROOT_CLASS = YES_ERROR;
				CLANG_WARN_SUSPICIOUS_MOVE = YES;
				CLANG_WARN_UNREACHABLE_CODE = YES;
				CLANG_WARN__DUPLICATE_METHOD_MATCH = YES;
				CODE_SIGN_IDENTITY = "iPhone Developer";
				"CODE_SIGN_IDENTITY[sdk=iphoneos*]" = "iPhone Developer";
				COPY_PHASE_STRIP = NO;
				DEBUG_INFORMATION_FORMAT = dwarf;
				DEVELOPMENT_TEAM = 6T3Q5NH7AD;
				ENABLE_STRICT_OBJC_MSGSEND = YES;
				ENABLE_TESTABILITY = YES;
				GCC_C_LANGUAGE_STANDARD = gnu99;
				GCC_DYNAMIC_NO_PIC = NO;
				GCC_NO_COMMON_BLOCKS = YES;
				GCC_OPTIMIZATION_LEVEL = 0;
				GCC_PREPROCESSOR_DEFINITIONS = (
					"DEBUG=1",
					"$(inherited)",
				);
				GCC_WARN_64_TO_32_BIT_CONVERSION = YES;
				GCC_WARN_ABOUT_RETURN_TYPE = YES_ERROR;
				GCC_WARN_UNDECLARED_SELECTOR = YES;
				GCC_WARN_UNINITIALIZED_AUTOS = YES_AGGRESSIVE;
				GCC_WARN_UNUSED_FUNCTION = YES;
				GCC_WARN_UNUSED_VARIABLE = YES;
				IPHONEOS_DEPLOYMENT_TARGET = 10.2;
				MTL_ENABLE_DEBUG_INFO = YES;
				ONLY_ACTIVE_ARCH = YES;
				SDKROOT = iphoneos;
				SWIFT_ACTIVE_COMPILATION_CONDITIONS = DEBUG;
				SWIFT_OPTIMIZATION_LEVEL = "-Onone";
			};
			name = Debug;
		};
		AB07EE4E1E6BA9E0009A9948 /* Release */ = {
			isa = XCBuildConfiguration;
			buildSettings = {
				ALWAYS_SEARCH_USER_PATHS = NO;
				CLANG_ANALYZER_NONNULL = YES;
				CLANG_CXX_LANGUAGE_STANDARD = "gnu++0x";
				CLANG_CXX_LIBRARY = "libc++";
				CLANG_ENABLE_MODULES = YES;
				CLANG_ENABLE_OBJC_ARC = YES;
				CLANG_WARN_BOOL_CONVERSION = YES;
				CLANG_WARN_CONSTANT_CONVERSION = YES;
				CLANG_WARN_DIRECT_OBJC_ISA_USAGE = YES_ERROR;
				CLANG_WARN_DOCUMENTATION_COMMENTS = YES;
				CLANG_WARN_EMPTY_BODY = YES;
				CLANG_WARN_ENUM_CONVERSION = YES;
				CLANG_WARN_INFINITE_RECURSION = YES;
				CLANG_WARN_INT_CONVERSION = YES;
				CLANG_WARN_OBJC_ROOT_CLASS = YES_ERROR;
				CLANG_WARN_SUSPICIOUS_MOVE = YES;
				CLANG_WARN_UNREACHABLE_CODE = YES;
				CLANG_WARN__DUPLICATE_METHOD_MATCH = YES;
				CODE_SIGN_IDENTITY = "iPhone Developer";
				"CODE_SIGN_IDENTITY[sdk=iphoneos*]" = "iPhone Developer";
				COPY_PHASE_STRIP = NO;
				DEBUG_INFORMATION_FORMAT = "dwarf-with-dsym";
				DEVELOPMENT_TEAM = 6T3Q5NH7AD;
				ENABLE_NS_ASSERTIONS = NO;
				ENABLE_STRICT_OBJC_MSGSEND = YES;
				GCC_C_LANGUAGE_STANDARD = gnu99;
				GCC_NO_COMMON_BLOCKS = YES;
				GCC_WARN_64_TO_32_BIT_CONVERSION = YES;
				GCC_WARN_ABOUT_RETURN_TYPE = YES_ERROR;
				GCC_WARN_UNDECLARED_SELECTOR = YES;
				GCC_WARN_UNINITIALIZED_AUTOS = YES_AGGRESSIVE;
				GCC_WARN_UNUSED_FUNCTION = YES;
				GCC_WARN_UNUSED_VARIABLE = YES;
				IPHONEOS_DEPLOYMENT_TARGET = 10.2;
				MTL_ENABLE_DEBUG_INFO = NO;
				SDKROOT = iphoneos;
				SWIFT_OPTIMIZATION_LEVEL = "-Owholemodule";
				VALIDATE_PRODUCT = YES;
			};
			name = Release;
		};
		AB07EE501E6BA9E0009A9948 /* Debug */ = {
			isa = XCBuildConfiguration;
			baseConfigurationReference = FBC7D6B1C225328FAA7977AD /* Pods-Indianapolis Coffee Guide.debug.xcconfig */;
			buildSettings = {
				ASSETCATALOG_COMPILER_APPICON_NAME = AppIcon;
				CODE_SIGN_ENTITLEMENTS = "Indianapolis Coffee Guide/Indianapolis Coffee Guide.entitlements";
				DEVELOPMENT_TEAM = 6T3Q5NH7AD;
				INFOPLIST_FILE = "Indianapolis Coffee Guide/Info.plist";
				LD_RUNPATH_SEARCH_PATHS = "$(inherited) @executable_path/Frameworks";
				PRODUCT_BUNDLE_IDENTIFIER = "ICG.Indianapolis-Coffee-Guide";
				PRODUCT_NAME = "$(TARGET_NAME)";
				SWIFT_VERSION = 3.0;
			};
			name = Debug;
		};
		AB07EE511E6BA9E0009A9948 /* Release */ = {
			isa = XCBuildConfiguration;
			baseConfigurationReference = 42A6BD49E060A8AC361B30E9 /* Pods-Indianapolis Coffee Guide.release.xcconfig */;
			buildSettings = {
				ASSETCATALOG_COMPILER_APPICON_NAME = AppIcon;
				CODE_SIGN_ENTITLEMENTS = "Indianapolis Coffee Guide/Indianapolis Coffee Guide.entitlements";
				DEVELOPMENT_TEAM = 6T3Q5NH7AD;
				INFOPLIST_FILE = "Indianapolis Coffee Guide/Info.plist";
				LD_RUNPATH_SEARCH_PATHS = "$(inherited) @executable_path/Frameworks";
				PRODUCT_BUNDLE_IDENTIFIER = "ICG.Indianapolis-Coffee-Guide";
				PRODUCT_NAME = "$(TARGET_NAME)";
				SWIFT_VERSION = 3.0;
			};
			name = Release;
		};
		AB07EE531E6BA9E0009A9948 /* Debug */ = {
			isa = XCBuildConfiguration;
			baseConfigurationReference = 6273286AFCFD3291A1A0BEC7 /* Pods-Indianapolis Coffee GuideTests.debug.xcconfig */;
			buildSettings = {
				ALWAYS_EMBED_SWIFT_STANDARD_LIBRARIES = YES;
				BUNDLE_LOADER = "$(TEST_HOST)";
				DEVELOPMENT_TEAM = 6T3Q5NH7AD;
				INFOPLIST_FILE = "Indianapolis Coffee GuideTests/Info.plist";
				LD_RUNPATH_SEARCH_PATHS = "$(inherited) @executable_path/Frameworks @loader_path/Frameworks";
				PRODUCT_BUNDLE_IDENTIFIER = "ICG.Indianapolis-Coffee-GuideTests";
				PRODUCT_NAME = "$(TARGET_NAME)";
				SWIFT_VERSION = 3.0;
				TEST_HOST = "$(BUILT_PRODUCTS_DIR)/Indianapolis Coffee Guide.app/Indianapolis Coffee Guide";
			};
			name = Debug;
		};
		AB07EE541E6BA9E0009A9948 /* Release */ = {
			isa = XCBuildConfiguration;
			baseConfigurationReference = 0298696343EBA243D59D7C2F /* Pods-Indianapolis Coffee GuideTests.release.xcconfig */;
			buildSettings = {
				ALWAYS_EMBED_SWIFT_STANDARD_LIBRARIES = YES;
				BUNDLE_LOADER = "$(TEST_HOST)";
				DEVELOPMENT_TEAM = 6T3Q5NH7AD;
				INFOPLIST_FILE = "Indianapolis Coffee GuideTests/Info.plist";
				LD_RUNPATH_SEARCH_PATHS = "$(inherited) @executable_path/Frameworks @loader_path/Frameworks";
				PRODUCT_BUNDLE_IDENTIFIER = "ICG.Indianapolis-Coffee-GuideTests";
				PRODUCT_NAME = "$(TARGET_NAME)";
				SWIFT_VERSION = 3.0;
				TEST_HOST = "$(BUILT_PRODUCTS_DIR)/Indianapolis Coffee Guide.app/Indianapolis Coffee Guide";
			};
			name = Release;
		};
		AB07EE561E6BA9E0009A9948 /* Debug */ = {
			isa = XCBuildConfiguration;
			baseConfigurationReference = 68068F581AD65DA8F0ED7D53 /* Pods-Indianapolis Coffee GuideUITests.debug.xcconfig */;
			buildSettings = {
				ALWAYS_EMBED_SWIFT_STANDARD_LIBRARIES = YES;
				DEVELOPMENT_TEAM = 6T3Q5NH7AD;
				INFOPLIST_FILE = "Indianapolis Coffee GuideUITests/Info.plist";
				LD_RUNPATH_SEARCH_PATHS = "$(inherited) @executable_path/Frameworks @loader_path/Frameworks";
				PRODUCT_BUNDLE_IDENTIFIER = "ICG.Indianapolis-Coffee-GuideUITests";
				PRODUCT_NAME = "$(TARGET_NAME)";
				SWIFT_VERSION = 3.0;
				TEST_TARGET_NAME = "Indianapolis Coffee Guide";
			};
			name = Debug;
		};
		AB07EE571E6BA9E0009A9948 /* Release */ = {
			isa = XCBuildConfiguration;
			baseConfigurationReference = ED884433DEC1E37C7E1ABC02 /* Pods-Indianapolis Coffee GuideUITests.release.xcconfig */;
			buildSettings = {
				ALWAYS_EMBED_SWIFT_STANDARD_LIBRARIES = YES;
				DEVELOPMENT_TEAM = 6T3Q5NH7AD;
				INFOPLIST_FILE = "Indianapolis Coffee GuideUITests/Info.plist";
				LD_RUNPATH_SEARCH_PATHS = "$(inherited) @executable_path/Frameworks @loader_path/Frameworks";
				PRODUCT_BUNDLE_IDENTIFIER = "ICG.Indianapolis-Coffee-GuideUITests";
				PRODUCT_NAME = "$(TARGET_NAME)";
				SWIFT_VERSION = 3.0;
				TEST_TARGET_NAME = "Indianapolis Coffee Guide";
			};
			name = Release;
		};
/* End XCBuildConfiguration section */

/* Begin XCConfigurationList section */
		AB07EE221E6BA9DF009A9948 /* Build configuration list for PBXProject "Indianapolis Coffee Guide" */ = {
			isa = XCConfigurationList;
			buildConfigurations = (
				AB07EE4D1E6BA9E0009A9948 /* Debug */,
				AB07EE4E1E6BA9E0009A9948 /* Release */,
			);
			defaultConfigurationIsVisible = 0;
			defaultConfigurationName = Release;
		};
		AB07EE4F1E6BA9E0009A9948 /* Build configuration list for PBXNativeTarget "Indianapolis Coffee Guide" */ = {
			isa = XCConfigurationList;
			buildConfigurations = (
				AB07EE501E6BA9E0009A9948 /* Debug */,
				AB07EE511E6BA9E0009A9948 /* Release */,
			);
			defaultConfigurationIsVisible = 0;
			defaultConfigurationName = Release;
		};
		AB07EE521E6BA9E0009A9948 /* Build configuration list for PBXNativeTarget "Indianapolis Coffee GuideTests" */ = {
			isa = XCConfigurationList;
			buildConfigurations = (
				AB07EE531E6BA9E0009A9948 /* Debug */,
				AB07EE541E6BA9E0009A9948 /* Release */,
			);
			defaultConfigurationIsVisible = 0;
			defaultConfigurationName = Release;
		};
		AB07EE551E6BA9E0009A9948 /* Build configuration list for PBXNativeTarget "Indianapolis Coffee GuideUITests" */ = {
			isa = XCConfigurationList;
			buildConfigurations = (
				AB07EE561E6BA9E0009A9948 /* Debug */,
				AB07EE571E6BA9E0009A9948 /* Release */,
			);
			defaultConfigurationIsVisible = 0;
			defaultConfigurationName = Release;
		};
/* End XCConfigurationList section */
	};
	rootObject = AB07EE1F1E6BA9DF009A9948 /* Project object */;
}
